
Microsoft Visual Studio Solution File, Format Version 12.00
# Visual Studio Version 17
VisualStudioVersion = 17.7.34031.279
MinimumVisualStudioVersion = 10.0.40219.1
Project("{8BC9CEB8-8B4A-11D0-8D11-00A0C91BC942}") = "Engine", "Engine\Engine.vcxproj", "{39E86EE1-EF5E-4C22-A392-669026B86175}"
EndProject
Global
	GlobalSection(SolutionConfigurationPlatforms) = preSolution
		Debug|Win32 = Debug|Win32
		Debug|x64 = Debug|x64
		Debug|x86 = Debug|x86
		Release|Win32 = Release|Win32
		Release|x64 = Release|x64
		Release|x86 = Release|x86
	EndGlobalSection
	GlobalSection(ProjectConfigurationPlatforms) = postSolution
		{39E86EE1-EF5E-4C22-A392-669026B86175}.Debug|Win32.ActiveCfg = Debug|Win32
		{39E86EE1-EF5E-4C22-A392-669026B86175}.Debug|Win32.Build.0 = Debug|Win32
		{39E86EE1-EF5E-4C22-A392-669026B86175}.Debug|x64.ActiveCfg = Debug|x64
		{39E86EE1-EF5E-4C22-A392-669026B86175}.Debug|x64.Build.0 = Debug|x64
		{39E86EE1-EF5E-4C22-A392-669026B86175}.Debug|x86.ActiveCfg = Debug|Win32
		{39E86EE1-EF5E-4C22-A392-669026B86175}.Debug|x86.Build.0 = Debug|Win32
		{39E86EE1-EF5E-4C22-A392-669026B86175}.Release|Win32.ActiveCfg = Release|Win32
		{39E86EE1-EF5E-4C22-A392-669026B86175}.Release|Win32.Build.0 = Release|Win32
		{39E86EE1-EF5E-4C22-A392-669026B86175}.Release|x64.ActiveCfg = Release|x64
		{39E86EE1-EF5E-4C22-A392-669026B86175}.Release|x64.Build.0 = Release|x64
		{39E86EE1-EF5E-4C22-A392-669026B86175}.Release|x86.ActiveCfg = Release|Win32
		{39E86EE1-EF5E-4C22-A392-669026B86175}.Release|x86.Build.0 = Release|Win32
	EndGlobalSection
	GlobalSection(SolutionProperties) = preSolution
		HideSolutionNode = FALSE
	EndGlobalSection
	GlobalSection(ExtensibilityGlobals) = postSolution
		SolutionGuid = {897EAAFC-5913-4FE4-8AC5-801A021D8858}
	EndGlobalSection
EndGlobal
